
Microsoft Visual Studio Solution File, Format Version 12.00
# Visual Studio Version 16
VisualStudioVersion = 16.0.31728.76
MinimumVisualStudioVersion = 10.0.40219.1
Project("{FAE04EC0-301F-11D3-BF4B-00C04F79EFBC}") = "IesaNews", "IesaNews\IesaNews.csproj", "{C0114B83-9251-4828-8D9F-31D975FE50C0}"
EndProject
Global
	GlobalSection(SolutionConfigurationPlatforms) = preSolution
		Debug|Any CPU = Debug|Any CPU
		Release|Any CPU = Release|Any CPU
	EndGlobalSection
	GlobalSection(ProjectConfigurationPlatforms) = postSolution
		{C0114B83-9251-4828-8D9F-31D975FE50C0}.Debug|Any CPU.ActiveCfg = Debug|Any CPU
		{C0114B83-9251-4828-8D9F-31D975FE50C0}.Debug|Any CPU.Build.0 = Debug|Any CPU
		{C0114B83-9251-4828-8D9F-31D975FE50C0}.Release|Any CPU.ActiveCfg = Release|Any CPU
		{C0114B83-9251-4828-8D9F-31D975FE50C0}.Release|Any CPU.Build.0 = Release|Any CPU
	EndGlobalSection
	GlobalSection(SolutionProperties) = preSolution
		HideSolutionNode = FALSE
	EndGlobalSection
	GlobalSection(ExtensibilityGlobals) = postSolution
		SolutionGuid = {0E7248EF-0C8D-470E-AD4D-94BD7726A626}
	EndGlobalSection
EndGlobal
